
Microsoft Visual Studio Solution File, Format Version 12.00
# Visual Studio Version 16
VisualStudioVersion = 16.0.29215.179
MinimumVisualStudioVersion = 10.0.40219.1
Project("{FAE04EC0-301F-11D3-BF4B-00C04F79EFBC}") = "codigofuenteletra", "codigofuenteletra\codigofuenteletra.csproj", "{6E0C90C0-BD9F-4E0D-88BF-4B24F5059565}"
EndProject
Global
	GlobalSection(SolutionConfigurationPlatforms) = preSolution
		Debug|Any CPU = Debug|Any CPU
		Release|Any CPU = Release|Any CPU
	EndGlobalSection
	GlobalSection(ProjectConfigurationPlatforms) = postSolution
		{6E0C90C0-BD9F-4E0D-88BF-4B24F5059565}.Debug|Any CPU.ActiveCfg = Debug|Any CPU
		{6E0C90C0-BD9F-4E0D-88BF-4B24F5059565}.Debug|Any CPU.Build.0 = Debug|Any CPU
		{6E0C90C0-BD9F-4E0D-88BF-4B24F5059565}.Release|Any CPU.ActiveCfg = Release|Any CPU
		{6E0C90C0-BD9F-4E0D-88BF-4B24F5059565}.Release|Any CPU.Build.0 = Release|Any CPU
	EndGlobalSection
	GlobalSection(SolutionProperties) = preSolution
		HideSolutionNode = FALSE
	EndGlobalSection
	GlobalSection(ExtensibilityGlobals) = postSolution
		SolutionGuid = {966F9150-DFAF-4FCC-86C5-551664476785}
	EndGlobalSection
EndGlobal
